PATH
  remote: .
  specs:
    rubywarrior (0.2.0)

GEM
  remote: https://rubygems.org/
  specs:
    base64 (0.2.0)
    js (2.5.0)
    ruby_wasm (2.5.0)
    ruby_wasm (2.5.0-aarch64-linux)
    ruby_wasm (2.5.0-arm64-darwin)
    ruby_wasm (2.5.0-x86_64-darwin)
    ruby_wasm (2.5.0-x86_64-linux)
    ruby_wasm (2.5.0-x86_64-linux-musl)

PLATFORMS
  aarch64-linux
  arm64-darwin
  ruby
  x86_64-darwin
  x86_64-linux
  x86_64-linux-musl

DEPENDENCIES
  base64
  js
  ruby_wasm
  rubywarrior!

BUNDLED WITH
   2.5.3
